{
  "object": {
    "pins": [
      {
        "package": "LeasingActivityBehavior",
        "repositoryURL": "/Users/alexweisberger/code/LeasingActivityBehavior",
        "state": {
          "branch": null,
          "revision": "9e485b55bb48cea1b668ca0839899a19865f7481",
          "version": "1.0.6"
        }
      }
    ]
  },
  "version": 1
}
