{
  "object": {
    "pins": [
      {
        "package": "LeasingActivityBehavior",
        "repositoryURL": "/Users/alexweisberger/code/LeasingActivityBehavior",
        "state": {
          "branch": "filter-by-tenant-name",
          "revision": "ad24dcc32c3fc2a4658e9eb95a98bdc2c01468f2",
          "version": null
        }
      }
    ]
  },
  "version": 1
}
