{
  "object": {
    "pins": [
      {
        "package": "LeasingActivityBehavior",
        "repositoryURL": "/Users/alexweisberger/code/LeasingActivityBehavior",
        "state": {
          "branch": null,
          "revision": "ea992265984486e92e86afbcb0f1a29432514639",
          "version": "1.0.11"
        }
      }
    ]
  },
  "version": 1
}
